
Microsoft Visual Studio Solution File, Format Version 12.00
# Visual Studio Version 17
VisualStudioVersion = 17.13.35825.156
MinimumVisualStudioVersion = 10.0.40219.1
Project("{FAE04EC0-301F-11D3-BF4B-00C04F79EFBC}") = "ManageSystem", "ManageSystem\ManageSystem.csproj", "{F1031B44-5670-45A8-A829-E69CC1208634}"
EndProject
Project("{FAE04EC0-301F-11D3-BF4B-00C04F79EFBC}") = "ManageSystem.BusinessManage", "ManageSystem.BusinessManage\ManageSystem.BusinessManage.csproj", "{791E62D3-BEAB-4033-ABA3-8890B2E62723}"
EndProject
Project("{FAE04EC0-301F-11D3-BF4B-00C04F79EFBC}") = "ManageSystem.DataManage", "ManageSystem.DataManage\ManageSystem.DataManage.csproj", "{BEEA4676-FFCF-484D-950A-80679980C155}"
EndProject
Project("{FAE04EC0-301F-11D3-BF4B-00C04F79EFBC}") = "ManageSystem.BasicCommonBase", "ManageSystem.BasicCommonBase\ManageSystem.BasicCommonBase.csproj", "{8EF60536-9A44-4325-AFB4-B41D048667FA}"
EndProject
Project("{FAE04EC0-301F-11D3-BF4B-00C04F79EFBC}") = "ManageSystem.UIDesign", "ManageSystem.UIDesign\ManageSystem.UIDesign.csproj", "{2FAA1F43-7E84-4F6F-A878-9A2687DA834D}"
EndProject
Global
	GlobalSection(SolutionConfigurationPlatforms) = preSolution
		Debug|Any CPU = Debug|Any CPU
		Release|Any CPU = Release|Any CPU
	EndGlobalSection
	GlobalSection(ProjectConfigurationPlatforms) = postSolution
		{F1031B44-5670-45A8-A829-E69CC1208634}.Debug|Any CPU.ActiveCfg = Debug|Any CPU
		{F1031B44-5670-45A8-A829-E69CC1208634}.Debug|Any CPU.Build.0 = Debug|Any CPU
		{F1031B44-5670-45A8-A829-E69CC1208634}.Release|Any CPU.ActiveCfg = Release|Any CPU
		{F1031B44-5670-45A8-A829-E69CC1208634}.Release|Any CPU.Build.0 = Release|Any CPU
		{791E62D3-BEAB-4033-ABA3-8890B2E62723}.Debug|Any CPU.ActiveCfg = Debug|Any CPU
		{791E62D3-BEAB-4033-ABA3-8890B2E62723}.Debug|Any CPU.Build.0 = Debug|Any CPU
		{791E62D3-BEAB-4033-ABA3-8890B2E62723}.Release|Any CPU.ActiveCfg = Release|Any CPU
		{791E62D3-BEAB-4033-ABA3-8890B2E62723}.Release|Any CPU.Build.0 = Release|Any CPU
		{BEEA4676-FFCF-484D-950A-80679980C155}.Debug|Any CPU.ActiveCfg = Debug|Any CPU
		{BEEA4676-FFCF-484D-950A-80679980C155}.Debug|Any CPU.Build.0 = Debug|Any CPU
		{BEEA4676-FFCF-484D-950A-80679980C155}.Release|Any CPU.ActiveCfg = Release|Any CPU
		{BEEA4676-FFCF-484D-950A-80679980C155}.Release|Any CPU.Build.0 = Release|Any CPU
		{8EF60536-9A44-4325-AFB4-B41D048667FA}.Debug|Any CPU.ActiveCfg = Debug|Any CPU
		{8EF60536-9A44-4325-AFB4-B41D048667FA}.Debug|Any CPU.Build.0 = Debug|Any CPU
		{8EF60536-9A44-4325-AFB4-B41D048667FA}.Release|Any CPU.ActiveCfg = Release|Any CPU
		{8EF60536-9A44-4325-AFB4-B41D048667FA}.Release|Any CPU.Build.0 = Release|Any CPU
		{2FAA1F43-7E84-4F6F-A878-9A2687DA834D}.Debug|Any CPU.ActiveCfg = Debug|Any CPU
		{2FAA1F43-7E84-4F6F-A878-9A2687DA834D}.Debug|Any CPU.Build.0 = Debug|Any CPU
		{2FAA1F43-7E84-4F6F-A878-9A2687DA834D}.Release|Any CPU.ActiveCfg = Release|Any CPU
		{2FAA1F43-7E84-4F6F-A878-9A2687DA834D}.Release|Any CPU.Build.0 = Release|Any CPU
	EndGlobalSection
	GlobalSection(SolutionProperties) = preSolution
		HideSolutionNode = FALSE
	EndGlobalSection
	GlobalSection(ExtensibilityGlobals) = postSolution
		SolutionGuid = {6D9784A4-A244-44E1-A125-2589A527187A}
	EndGlobalSection
EndGlobal
